
Microsoft Visual Studio Solution File, Format Version 12.00
# Visual Studio Version 17
VisualStudioVersion = 17.10.34916.146
MinimumVisualStudioVersion = 10.0.40219.1
Project("{FAE04EC0-301F-11D3-BF4B-00C04F79EFBC}") = "HelpCustomer", "HelpCustomer.csproj", "{813688E9-9834-4B40-A749-DF7860817AED}"
EndProject
Global
	GlobalSection(SolutionConfigurationPlatforms) = preSolution
		Debug|Any CPU = Debug|Any CPU
		Release|Any CPU = Release|Any CPU
	EndGlobalSection
	GlobalSection(ProjectConfigurationPlatforms) = postSolution
		{813688E9-9834-4B40-A749-DF7860817AED}.Debug|Any CPU.ActiveCfg = Debug|Any CPU
		{813688E9-9834-4B40-A749-DF7860817AED}.Debug|Any CPU.Build.0 = Debug|Any CPU
		{813688E9-9834-4B40-A749-DF7860817AED}.Release|Any CPU.ActiveCfg = Release|Any CPU
		{813688E9-9834-4B40-A749-DF7860817AED}.Release|Any CPU.Build.0 = Release|Any CPU
	EndGlobalSection
	GlobalSection(SolutionProperties) = preSolution
		HideSolutionNode = FALSE
	EndGlobalSection
	GlobalSection(ExtensibilityGlobals) = postSolution
		SolutionGuid = {D9E70951-EDF8-4CE2-B33D-AA1B364198E0}
	EndGlobalSection
EndGlobal
